
Microsoft Visual Studio Solution File, Format Version 12.00
# Visual Studio Version 17
VisualStudioVersion = 17.9.34723.18
MinimumVisualStudioVersion = 10.0.40219.1
Project("{FAE04EC0-301F-11D3-BF4B-00C04F79EFBC}") = "China", "China\China.csproj", "{0156A42E-2991-4E0E-AE6C-BA1D2B4B907C}"
EndProject
Global
	GlobalSection(SolutionConfigurationPlatforms) = preSolution
		Debug|Any CPU = Debug|Any CPU
		Release|Any CPU = Release|Any CPU
	EndGlobalSection
	GlobalSection(ProjectConfigurationPlatforms) = postSolution
		{0156A42E-2991-4E0E-AE6C-BA1D2B4B907C}.Debug|Any CPU.ActiveCfg = Debug|Any CPU
		{0156A42E-2991-4E0E-AE6C-BA1D2B4B907C}.Debug|Any CPU.Build.0 = Debug|Any CPU
		{0156A42E-2991-4E0E-AE6C-BA1D2B4B907C}.Release|Any CPU.ActiveCfg = Release|Any CPU
		{0156A42E-2991-4E0E-AE6C-BA1D2B4B907C}.Release|Any CPU.Build.0 = Release|Any CPU
	EndGlobalSection
	GlobalSection(SolutionProperties) = preSolution
		HideSolutionNode = FALSE
	EndGlobalSection
	GlobalSection(ExtensibilityGlobals) = postSolution
		SolutionGuid = {831E75E6-3D48-46BA-93D8-574B56532ED1}
	EndGlobalSection
EndGlobal
